
Microsoft Visual Studio Solution File, Format Version 12.00
# Visual Studio Version 16
VisualStudioVersion = 16.0.29911.84
MinimumVisualStudioVersion = 10.0.40219.1
Project("{FAE04EC0-301F-11D3-BF4B-00C04F79EFBC}") = "TestIde", "TestIde.csproj", "{538875DC-D527-4049-B9A3-9B380AAE635D}"
EndProject
Global
	GlobalSection(SolutionConfigurationPlatforms) = preSolution
		Debug|Any CPU = Debug|Any CPU
		Release|Any CPU = Release|Any CPU
	EndGlobalSection
	GlobalSection(ProjectConfigurationPlatforms) = postSolution
		{538875DC-D527-4049-B9A3-9B380AAE635D}.Debug|Any CPU.ActiveCfg = Debug|Any CPU
		{538875DC-D527-4049-B9A3-9B380AAE635D}.Debug|Any CPU.Build.0 = Debug|Any CPU
		{538875DC-D527-4049-B9A3-9B380AAE635D}.Release|Any CPU.ActiveCfg = Release|Any CPU
		{538875DC-D527-4049-B9A3-9B380AAE635D}.Release|Any CPU.Build.0 = Release|Any CPU
	EndGlobalSection
	GlobalSection(SolutionProperties) = preSolution
		HideSolutionNode = FALSE
	EndGlobalSection
	GlobalSection(ExtensibilityGlobals) = postSolution
		SolutionGuid = {FE678125-406D-484E-A5D1-ED5861067F2A}
	EndGlobalSection
EndGlobal
